{
  "nodes": {
    "flake-utils": {
      "locked": {
        "lastModified": 1617631617,
        "narHash": "sha256-PARRCz55qN3gy07VJZIlFeOX420d0nGF0RzGI/9hVlw=",
        "owner": "numtide",
        "repo": "flake-utils",
        "rev": "b2c27d1a81b0dc266270fa8aeecebbd1807fc610",
        "type": "github"
      },
      "original": {
        "owner": "numtide",
        "repo": "flake-utils",
        "type": "github"
      }
    },
    "nixpkgs": {
      "flake": false,
      "locked": {
        "lastModified": 1585747005,
        "narHash": "sha256-WtAdKq7aJVxtEb/RUxD1sF6rFVcYrsPaJGrGALq5deE=",
        "owner": "NixOS",
        "repo": "nixpkgs",
        "rev": "925ff360bc33876fdb6ff967470e34ff375ce65e",
        "type": "github"
      },
      "original": {
        "owner": "NixOS",
        "ref": "release-18.09",
        "repo": "nixpkgs",
        "type": "github"
      }
    },
    "root": {
      "inputs": {
        "flake-utils": "flake-utils",
        "nixpkgs": "nixpkgs"
      }
    }
  },
  "root": "root",
  "version": 7
}
